
Microsoft Visual Studio Solution File, Format Version 12.00
# Visual Studio Version 17
VisualStudioVersion = 17.5.33424.131
MinimumVisualStudioVersion = 10.0.40219.1
Project("{9A19103F-16F7-4668-BE54-9A1E7A4F7556}") = "HomeTask1", "HomeTask1\HomeTask1.csproj", "{D1206841-0683-4EE0-A406-94F5BCDCB981}"
EndProject
Project("{9A19103F-16F7-4668-BE54-9A1E7A4F7556}") = "HomeTask3", "HomeTask3\HomeTask3.csproj", "{88AD4B1F-4B9B-4AF9-AC31-030642F3014B}"
EndProject
Project("{FAE04EC0-301F-11D3-BF4B-00C04F79EFBC}") = "HomeTask4", "HomeTask4\HomeTask4.csproj", "{63FED1AC-83F0-4714-92B7-3B326C862575}"
EndProject
Global
	GlobalSection(SolutionConfigurationPlatforms) = preSolution
		Debug|Any CPU = Debug|Any CPU
		Release|Any CPU = Release|Any CPU
	EndGlobalSection
	GlobalSection(ProjectConfigurationPlatforms) = postSolution
		{D1206841-0683-4EE0-A406-94F5BCDCB981}.Debug|Any CPU.ActiveCfg = Debug|Any CPU
		{D1206841-0683-4EE0-A406-94F5BCDCB981}.Debug|Any CPU.Build.0 = Debug|Any CPU
		{D1206841-0683-4EE0-A406-94F5BCDCB981}.Release|Any CPU.ActiveCfg = Release|Any CPU
		{D1206841-0683-4EE0-A406-94F5BCDCB981}.Release|Any CPU.Build.0 = Release|Any CPU
		{88AD4B1F-4B9B-4AF9-AC31-030642F3014B}.Debug|Any CPU.ActiveCfg = Debug|Any CPU
		{88AD4B1F-4B9B-4AF9-AC31-030642F3014B}.Debug|Any CPU.Build.0 = Debug|Any CPU
		{88AD4B1F-4B9B-4AF9-AC31-030642F3014B}.Release|Any CPU.ActiveCfg = Release|Any CPU
		{88AD4B1F-4B9B-4AF9-AC31-030642F3014B}.Release|Any CPU.Build.0 = Release|Any CPU
		{63FED1AC-83F0-4714-92B7-3B326C862575}.Debug|Any CPU.ActiveCfg = Debug|Any CPU
		{63FED1AC-83F0-4714-92B7-3B326C862575}.Debug|Any CPU.Build.0 = Debug|Any CPU
		{63FED1AC-83F0-4714-92B7-3B326C862575}.Release|Any CPU.ActiveCfg = Release|Any CPU
		{63FED1AC-83F0-4714-92B7-3B326C862575}.Release|Any CPU.Build.0 = Release|Any CPU
	EndGlobalSection
	GlobalSection(SolutionProperties) = preSolution
		HideSolutionNode = FALSE
	EndGlobalSection
	GlobalSection(ExtensibilityGlobals) = postSolution
		SolutionGuid = {FBC5ED12-2FD7-4F08-8FFB-C5CD114C4586}
	EndGlobalSection
EndGlobal
